
Microsoft Visual Studio Solution File, Format Version 12.00
# Visual Studio Version 16
VisualStudioVersion = 16.0.30114.105
MinimumVisualStudioVersion = 15.0.26124.0
Project("{9A19103F-16F7-4668-BE54-9A1E7A4F7556}") = "Domain", "Domain\Domain.csproj", "{1A0726F5-10D2-4D8E-939F-CD1763BB7740}"
EndProject
Project("{9A19103F-16F7-4668-BE54-9A1E7A4F7556}") = "API", "API\API.csproj", "{A7E0F1CA-AEDF-4BAB-A1E3-790A770FEBCF}"
EndProject
Project("{9A19103F-16F7-4668-BE54-9A1E7A4F7556}") = "Persistence", "Persistence\Persistence.csproj", "{C0CDD183-F7CD-428A-989E-FA8D5E768D78}"
EndProject
Project("{9A19103F-16F7-4668-BE54-9A1E7A4F7556}") = "Application", "Application\Application.csproj", "{241BEE1B-5B3D-489B-A8EC-3239A586FF63}"
EndProject
Project("{2150E333-8FDC-42A3-9474-1A3956D46DE8}") = "Solution Items", "Solution Items", "{9446E8EA-492F-4453-B179-75F500C43E95}"
	ProjectSection(SolutionItems) = preProject
		.gitignore = .gitignore
	EndProjectSection
EndProject
Global
	GlobalSection(SolutionConfigurationPlatforms) = preSolution
		Debug|Any CPU = Debug|Any CPU
		Debug|x64 = Debug|x64
		Debug|x86 = Debug|x86
		Release|Any CPU = Release|Any CPU
		Release|x64 = Release|x64
		Release|x86 = Release|x86
	EndGlobalSection
	GlobalSection(ProjectConfigurationPlatforms) = postSolution
		{1A0726F5-10D2-4D8E-939F-CD1763BB7740}.Debug|Any CPU.ActiveCfg = Debug|Any CPU
		{1A0726F5-10D2-4D8E-939F-CD1763BB7740}.Debug|Any CPU.Build.0 = Debug|Any CPU
		{1A0726F5-10D2-4D8E-939F-CD1763BB7740}.Debug|x64.ActiveCfg = Debug|Any CPU
		{1A0726F5-10D2-4D8E-939F-CD1763BB7740}.Debug|x64.Build.0 = Debug|Any CPU
		{1A0726F5-10D2-4D8E-939F-CD1763BB7740}.Debug|x86.ActiveCfg = Debug|Any CPU
		{1A0726F5-10D2-4D8E-939F-CD1763BB7740}.Debug|x86.Build.0 = Debug|Any CPU
		{1A0726F5-10D2-4D8E-939F-CD1763BB7740}.Release|Any CPU.ActiveCfg = Release|Any CPU
		{1A0726F5-10D2-4D8E-939F-CD1763BB7740}.Release|Any CPU.Build.0 = Release|Any CPU
		{1A0726F5-10D2-4D8E-939F-CD1763BB7740}.Release|x64.ActiveCfg = Release|Any CPU
		{1A0726F5-10D2-4D8E-939F-CD1763BB7740}.Release|x64.Build.0 = Release|Any CPU
		{1A0726F5-10D2-4D8E-939F-CD1763BB7740}.Release|x86.ActiveCfg = Release|Any CPU
		{1A0726F5-10D2-4D8E-939F-CD1763BB7740}.Release|x86.Build.0 = Release|Any CPU
		{A7E0F1CA-AEDF-4BAB-A1E3-790A770FEBCF}.Debug|Any CPU.ActiveCfg = Debug|Any CPU
		{A7E0F1CA-AEDF-4BAB-A1E3-790A770FEBCF}.Debug|Any CPU.Build.0 = Debug|Any CPU
		{A7E0F1CA-AEDF-4BAB-A1E3-790A770FEBCF}.Debug|x64.ActiveCfg = Debug|Any CPU
		{A7E0F1CA-AEDF-4BAB-A1E3-790A770FEBCF}.Debug|x64.Build.0 = Debug|Any CPU
		{A7E0F1CA-AEDF-4BAB-A1E3-790A770FEBCF}.Debug|x86.ActiveCfg = Debug|Any CPU
		{A7E0F1CA-AEDF-4BAB-A1E3-790A770FEBCF}.Debug|x86.Build.0 = Debug|Any CPU
		{A7E0F1CA-AEDF-4BAB-A1E3-790A770FEBCF}.Release|Any CPU.ActiveCfg = Release|Any CPU
		{A7E0F1CA-AEDF-4BAB-A1E3-790A770FEBCF}.Release|Any CPU.Build.0 = Release|Any CPU
		{A7E0F1CA-AEDF-4BAB-A1E3-790A770FEBCF}.Release|x64.ActiveCfg = Release|Any CPU
		{A7E0F1CA-AEDF-4BAB-A1E3-790A770FEBCF}.Release|x64.Build.0 = Release|Any CPU
		{A7E0F1CA-AEDF-4BAB-A1E3-790A770FEBCF}.Release|x86.ActiveCfg = Release|Any CPU
		{A7E0F1CA-AEDF-4BAB-A1E3-790A770FEBCF}.Release|x86.Build.0 = Release|Any CPU
		{C0CDD183-F7CD-428A-989E-FA8D5E768D78}.Debug|Any CPU.ActiveCfg = Debug|Any CPU
		{C0CDD183-F7CD-428A-989E-FA8D5E768D78}.Debug|Any CPU.Build.0 = Debug|Any CPU
		{C0CDD183-F7CD-428A-989E-FA8D5E768D78}.Debug|x64.ActiveCfg = Debug|Any CPU
		{C0CDD183-F7CD-428A-989E-FA8D5E768D78}.Debug|x64.Build.0 = Debug|Any CPU
		{C0CDD183-F7CD-428A-989E-FA8D5E768D78}.Debug|x86.ActiveCfg = Debug|Any CPU
		{C0CDD183-F7CD-428A-989E-FA8D5E768D78}.Debug|x86.Build.0 = Debug|Any CPU
		{C0CDD183-F7CD-428A-989E-FA8D5E768D78}.Release|Any CPU.ActiveCfg = Release|Any CPU
		{C0CDD183-F7CD-428A-989E-FA8D5E768D78}.Release|Any CPU.Build.0 = Release|Any CPU
		{C0CDD183-F7CD-428A-989E-FA8D5E768D78}.Release|x64.ActiveCfg = Release|Any CPU
		{C0CDD183-F7CD-428A-989E-FA8D5E768D78}.Release|x64.Build.0 = Release|Any CPU
		{C0CDD183-F7CD-428A-989E-FA8D5E768D78}.Release|x86.ActiveCfg = Release|Any CPU
		{C0CDD183-F7CD-428A-989E-FA8D5E768D78}.Release|x86.Build.0 = Release|Any CPU
		{241BEE1B-5B3D-489B-A8EC-3239A586FF63}.Debug|Any CPU.ActiveCfg = Debug|Any CPU
		{241BEE1B-5B3D-489B-A8EC-3239A586FF63}.Debug|Any CPU.Build.0 = Debug|Any CPU
		{241BEE1B-5B3D-489B-A8EC-3239A586FF63}.Debug|x64.ActiveCfg = Debug|Any CPU
		{241BEE1B-5B3D-489B-A8EC-3239A586FF63}.Debug|x64.Build.0 = Debug|Any CPU
		{241BEE1B-5B3D-489B-A8EC-3239A586FF63}.Debug|x86.ActiveCfg = Debug|Any CPU
		{241BEE1B-5B3D-489B-A8EC-3239A586FF63}.Debug|x86.Build.0 = Debug|Any CPU
		{241BEE1B-5B3D-489B-A8EC-3239A586FF63}.Release|Any CPU.ActiveCfg = Release|Any CPU
		{241BEE1B-5B3D-489B-A8EC-3239A586FF63}.Release|Any CPU.Build.0 = Release|Any CPU
		{241BEE1B-5B3D-489B-A8EC-3239A586FF63}.Release|x64.ActiveCfg = Release|Any CPU
		{241BEE1B-5B3D-489B-A8EC-3239A586FF63}.Release|x64.Build.0 = Release|Any CPU
		{241BEE1B-5B3D-489B-A8EC-3239A586FF63}.Release|x86.ActiveCfg = Release|Any CPU
		{241BEE1B-5B3D-489B-A8EC-3239A586FF63}.Release|x86.Build.0 = Release|Any CPU
	EndGlobalSection
	GlobalSection(SolutionProperties) = preSolution
		HideSolutionNode = FALSE
	EndGlobalSection
	GlobalSection(ExtensibilityGlobals) = postSolution
		SolutionGuid = {F32A2B39-F1F8-4B1C-AF68-5297CC64DE36}
	EndGlobalSection
EndGlobal
